
Microsoft Visual Studio Solution File, Format Version 10.00
# Visual Studio 2008
Project("{FAE04EC0-301F-11D3-BF4B-00C04F79EFBC}") = "CSDBCReader", "CSDBCReader.csproj", "{8E0A0ADC-E537-4D4D-B58E-F29E68BD69F9}"
EndProject
Project("{F184B08F-C81C-45F6-A57F-5ABD9991F28F}") = "WindowsApplication1", "..\WindowsApplication1\WindowsApplication1.vbproj", "{68CE4E9D-46D6-4238-85AD-929198BAC2E1}"
EndProject
Global
	GlobalSection(SolutionConfigurationPlatforms) = preSolution
		Debug|Any CPU = Debug|Any CPU
		Release|Any CPU = Release|Any CPU
	EndGlobalSection
	GlobalSection(ProjectConfigurationPlatforms) = postSolution
		{8E0A0ADC-E537-4D4D-B58E-F29E68BD69F9}.Debug|Any CPU.ActiveCfg = Debug|Any CPU
		{8E0A0ADC-E537-4D4D-B58E-F29E68BD69F9}.Debug|Any CPU.Build.0 = Debug|Any CPU
		{8E0A0ADC-E537-4D4D-B58E-F29E68BD69F9}.Release|Any CPU.ActiveCfg = Release|Any CPU
		{8E0A0ADC-E537-4D4D-B58E-F29E68BD69F9}.Release|Any CPU.Build.0 = Release|Any CPU
		{68CE4E9D-46D6-4238-85AD-929198BAC2E1}.Debug|Any CPU.ActiveCfg = Debug|Any CPU
		{68CE4E9D-46D6-4238-85AD-929198BAC2E1}.Debug|Any CPU.Build.0 = Debug|Any CPU
		{68CE4E9D-46D6-4238-85AD-929198BAC2E1}.Release|Any CPU.ActiveCfg = Release|Any CPU
		{68CE4E9D-46D6-4238-85AD-929198BAC2E1}.Release|Any CPU.Build.0 = Release|Any CPU
	EndGlobalSection
	GlobalSection(SolutionProperties) = preSolution
		HideSolutionNode = FALSE
	EndGlobalSection
EndGlobal
